// !$*UTF8*$!
{
	archiveVersion = 1;
	classes = {
	};
	objectVersion = 56;
	objects = {

/* Begin PBXBuildFile section */
		45166EAE29FC6CC100402485 /* CCGlassModifier.swift in Sources */ = {isa = PBXBuildFile; fileRef = 45166EAD29FC6CC100402485 /* CCGlassModifier.swift */; };
		453B267D29FB660300E2E1E7 /* BoltViewModel.swift in Sources */ = {isa = PBXBuildFile; fileRef = 45BA2BE229D3620C002DC0B9 /* BoltViewModel.swift */; };
		453B267E29FB660600E2E1E7 /* SMC.swift in Sources */ = {isa = PBXBuildFile; fileRef = 45BA2BE129D361E9002DC0B9 /* SMC.swift */; };
		453B268029FC24B200E2E1E7 /* View+Extension.swift in Sources */ = {isa = PBXBuildFile; fileRef = 453B267F29FC24B200E2E1E7 /* View+Extension.swift */; };
		453B268829FC2F0E00E2E1E7 /* MenuView.swift in Sources */ = {isa = PBXBuildFile; fileRef = 453B268729FC2F0E00E2E1E7 /* MenuView.swift */; };
		4564D52529FC6F6500EFA12E /* MacControlCenterUI in Frameworks */ = {isa = PBXBuildFile; productRef = 4564D52429FC6F6500EFA12E /* MacControlCenterUI */; };
		45BA2BD229D361C1002DC0B9 /* BoltApp.swift in Sources */ = {isa = PBXBuildFile; fileRef = 45BA2BD129D361C1002DC0B9 /* BoltApp.swift */; };
		45BA2BD629D361C2002DC0B9 /* Assets.xcassets in Resources */ = {isa = PBXBuildFile; fileRef = 45BA2BD529D361C2002DC0B9 /* Assets.xcassets */; };
		45BA2BD929D361C2002DC0B9 /* Preview Assets.xcassets in Resources */ = {isa = PBXBuildFile; fileRef = 45BA2BD829D361C2002DC0B9 /* Preview Assets.xcassets */; };
		45DAB5A129FD9EFA001A458C /* Bundle+Extension.swift in Sources */ = {isa = PBXBuildFile; fileRef = 45DAB5A029FD9EFA001A458C /* Bundle+Extension.swift */; };
		45DAB5A529FD9F66001A458C /* Sparkle in Frameworks */ = {isa = PBXBuildFile; productRef = 45DAB5A429FD9F66001A458C /* Sparkle */; };
		45DAB5A729FDA105001A458C /* AppUpdaterViewModel.swift in Sources */ = {isa = PBXBuildFile; fileRef = 45DAB5A629FDA105001A458C /* AppUpdaterViewModel.swift */; };
		45DAB5A929FDA15C001A458C /* CheckForUpdates.swift in Sources */ = {isa = PBXBuildFile; fileRef = 45DAB5A829FDA15C001A458C /* CheckForUpdates.swift */; };
		45DAB5AD29FDB492001A458C /* BatteryInfo.swift in Sources */ = {isa = PBXBuildFile; fileRef = 45DAB5AC29FDB492001A458C /* BatteryInfo.swift */; };
		45DAB5AF29FDB5E7001A458C /* test.swift in Sources */ = {isa = PBXBuildFile; fileRef = 45DAB5AE29FDB5E7001A458C /* test.swift */; };
/* End PBXBuildFile section */

/* Begin PBXFileReference section */
		45166EAD29FC6CC100402485 /* CCGlassModifier.swift */ = {isa = PBXFileReference; lastKnownFileType = sourcecode.swift; path = CCGlassModifier.swift; sourceTree = "<group>"; };
		45166EB229FC6F4800402485 /* MacControlCenterUI-main */ = {isa = PBXFileReference; lastKnownFileType = wrapper; name = "MacControlCenterUI-main"; path = "Bolt/LocalPackages/MacControlCenterUI-main"; sourceTree = "<group>"; };
		453B267F29FC24B200E2E1E7 /* View+Extension.swift */ = {isa = PBXFileReference; lastKnownFileType = sourcecode.swift; path = "View+Extension.swift"; sourceTree = "<group>"; };
		453B268729FC2F0E00E2E1E7 /* MenuView.swift */ = {isa = PBXFileReference; lastKnownFileType = sourcecode.swift; path = MenuView.swift; sourceTree = "<group>"; };
		45BA2BCE29D361C1002DC0B9 /* Bolt.app */ = {isa = PBXFileReference; explicitFileType = wrapper.application; includeInIndex = 0; path = Bolt.app; sourceTree = BUILT_PRODUCTS_DIR; };
		45BA2BD129D361C1002DC0B9 /* BoltApp.swift */ = {isa = PBXFileReference; lastKnownFileType = sourcecode.swift; path = BoltApp.swift; sourceTree = "<group>"; };
		45BA2BD529D361C2002DC0B9 /* Assets.xcassets */ = {isa = PBXFileReference; lastKnownFileType = folder.assetcatalog; path = Assets.xcassets; sourceTree = "<group>"; };
		45BA2BD829D361C2002DC0B9 /* Preview Assets.xcassets */ = {isa = PBXFileReference; lastKnownFileType = folder.assetcatalog; path = "Preview Assets.xcassets"; sourceTree = "<group>"; };
		45BA2BDA29D361C2002DC0B9 /* Bolt.entitlements */ = {isa = PBXFileReference; lastKnownFileType = text.plist.entitlements; path = Bolt.entitlements; sourceTree = "<group>"; };
		45BA2BE129D361E9002DC0B9 /* SMC.swift */ = {isa = PBXFileReference; lastKnownFileType = sourcecode.swift; path = SMC.swift; sourceTree = "<group>"; };
		45BA2BE229D3620C002DC0B9 /* BoltViewModel.swift */ = {isa = PBXFileReference; lastKnownFileType = sourcecode.swift; path = BoltViewModel.swift; sourceTree = "<group>"; };
		45DAB5A029FD9EFA001A458C /* Bundle+Extension.swift */ = {isa = PBXFileReference; lastKnownFileType = sourcecode.swift; path = "Bundle+Extension.swift"; sourceTree = "<group>"; };
		45DAB5A629FDA105001A458C /* AppUpdaterViewModel.swift */ = {isa = PBXFileReference; lastKnownFileType = sourcecode.swift; path = AppUpdaterViewModel.swift; sourceTree = "<group>"; };
		45DAB5A829FDA15C001A458C /* CheckForUpdates.swift */ = {isa = PBXFileReference; lastKnownFileType = sourcecode.swift; path = CheckForUpdates.swift; sourceTree = "<group>"; };
		45DAB5AA29FDA4A2001A458C /* Info.plist */ = {isa = PBXFileReference; lastKnownFileType = text.plist; path = Info.plist; sourceTree = "<group>"; };
		45DAB5AC29FDB492001A458C /* BatteryInfo.swift */ = {isa = PBXFileReference; lastKnownFileType = sourcecode.swift; path = BatteryInfo.swift; sourceTree = "<group>"; };
		45DAB5AE29FDB5E7001A458C /* test.swift */ = {isa = PBXFileReference; lastKnownFileType = sourcecode.swift; path = test.swift; sourceTree = "<group>"; };
/* End PBXFileReference section */

/* Begin PBXFrameworksBuildPhase section */
		45BA2BCB29D361C1002DC0B9 /* Frameworks */ = {
			isa = PBXFrameworksBuildPhase;
			buildActionMask = 2147483647;
			files = (
				4564D52529FC6F6500EFA12E /* MacControlCenterUI in Frameworks */,
				45DAB5A529FD9F66001A458C /* Sparkle in Frameworks */,
			);
			runOnlyForDeploymentPostprocessing = 0;
		};
/* End PBXFrameworksBuildPhase section */

/* Begin PBXGroup section */
		45166EAA29FC6C5B00402485 /* Frameworks */ = {
			isa = PBXGroup;
			children = (
			);
			name = Frameworks;
			sourceTree = "<group>";
		};
		453B268129FC27BE00E2E1E7 /* Views */ = {
			isa = PBXGroup;
			children = (
				453B268729FC2F0E00E2E1E7 /* MenuView.swift */,
				45DAB5A829FDA15C001A458C /* CheckForUpdates.swift */,
			);
			path = Views;
			sourceTree = "<group>";
		};
		453B268229FC27CA00E2E1E7 /* Extensions */ = {
			isa = PBXGroup;
			children = (
				453B267F29FC24B200E2E1E7 /* View+Extension.swift */,
				45DAB5A029FD9EFA001A458C /* Bundle+Extension.swift */,
			);
			path = Extensions;
			sourceTree = "<group>";
		};
		453B268329FC27F200E2E1E7 /* ViewModels */ = {
			isa = PBXGroup;
			children = (
				45BA2BE229D3620C002DC0B9 /* BoltViewModel.swift */,
				45DAB5A629FDA105001A458C /* AppUpdaterViewModel.swift */,
			);
			path = ViewModels;
			sourceTree = "<group>";
		};
		453B268429FC27F900E2E1E7 /* Helpers */ = {
			isa = PBXGroup;
			children = (
				45BA2BE129D361E9002DC0B9 /* SMC.swift */,
			);
			path = Helpers;
			sourceTree = "<group>";
		};
		45BA2BC529D361C1002DC0B9 = {
			isa = PBXGroup;
			children = (
				45DAB5AE29FDB5E7001A458C /* test.swift */,
				45166EB229FC6F4800402485 /* MacControlCenterUI-main */,
				45BA2BD029D361C1002DC0B9 /* Bolt */,
				45BA2BCF29D361C1002DC0B9 /* Products */,
				45166EAA29FC6C5B00402485 /* Frameworks */,
			);
			sourceTree = "<group>";
		};
		45BA2BCF29D361C1002DC0B9 /* Products */ = {
			isa = PBXGroup;
			children = (
				45BA2BCE29D361C1002DC0B9 /* Bolt.app */,
			);
			name = Products;
			sourceTree = "<group>";
		};
		45BA2BD029D361C1002DC0B9 /* Bolt */ = {
			isa = PBXGroup;
			children = (
				45DAB5AA29FDA4A2001A458C /* Info.plist */,
				45BA2BD129D361C1002DC0B9 /* BoltApp.swift */,
				45DAB5AB29FDB487001A458C /* Models */,
				453B268329FC27F200E2E1E7 /* ViewModels */,
				453B268429FC27F900E2E1E7 /* Helpers */,
				453B268129FC27BE00E2E1E7 /* Views */,
				453B268229FC27CA00E2E1E7 /* Extensions */,
				45DAB5A229FD9F25001A458C /* ViewModifiers */,
				45BA2BD529D361C2002DC0B9 /* Assets.xcassets */,
				45BA2BDA29D361C2002DC0B9 /* Bolt.entitlements */,
				45BA2BD729D361C2002DC0B9 /* Preview Content */,
			);
			path = Bolt;
			sourceTree = "<group>";
		};
		45BA2BD729D361C2002DC0B9 /* Preview Content */ = {
			isa = PBXGroup;
			children = (
				45BA2BD829D361C2002DC0B9 /* Preview Assets.xcassets */,
			);
			path = "Preview Content";
			sourceTree = "<group>";
		};
		45DAB5A229FD9F25001A458C /* ViewModifiers */ = {
			isa = PBXGroup;
			children = (
				45166EAD29FC6CC100402485 /* CCGlassModifier.swift */,
			);
			path = ViewModifiers;
			sourceTree = "<group>";
		};
		45DAB5AB29FDB487001A458C /* Models */ = {
			isa = PBXGroup;
			children = (
				45DAB5AC29FDB492001A458C /* BatteryInfo.swift */,
			);
			path = Models;
			sourceTree = "<group>";
		};
/* End PBXGroup section */

/* Begin PBXNativeTarget section */
		45BA2BCD29D361C1002DC0B9 /* Bolt */ = {
			isa = PBXNativeTarget;
			buildConfigurationList = 45BA2BDD29D361C2002DC0B9 /* Build configuration list for PBXNativeTarget "Bolt" */;
			buildPhases = (
				45BA2BCA29D361C1002DC0B9 /* Sources */,
				45BA2BCB29D361C1002DC0B9 /* Frameworks */,
				45BA2BCC29D361C1002DC0B9 /* Resources */,
			);
			buildRules = (
			);
			dependencies = (
			);
			name = Bolt;
			packageProductDependencies = (
				4564D52429FC6F6500EFA12E /* MacControlCenterUI */,
				45DAB5A429FD9F66001A458C /* Sparkle */,
			);
			productName = Bolt;
			productReference = 45BA2BCE29D361C1002DC0B9 /* Bolt.app */;
			productType = "com.apple.product-type.application";
		};
/* End PBXNativeTarget section */

/* Begin PBXProject section */
		45BA2BC629D361C1002DC0B9 /* Project object */ = {
			isa = PBXProject;
			attributes = {
				BuildIndependentTargetsInParallel = 1;
				LastSwiftUpdateCheck = 1430;
				LastUpgradeCheck = 1430;
				TargetAttributes = {
					45BA2BCD29D361C1002DC0B9 = {
						CreatedOnToolsVersion = 14.3;
					};
				};
			};
			buildConfigurationList = 45BA2BC929D361C1002DC0B9 /* Build configuration list for PBXProject "Bolt" */;
			compatibilityVersion = "Xcode 14.0";
			developmentRegion = en;
			hasScannedForEncodings = 0;
			knownRegions = (
				en,
				Base,
			);
			mainGroup = 45BA2BC529D361C1002DC0B9;
			packageReferences = (
				45DAB5A329FD9F66001A458C /* XCRemoteSwiftPackageReference "Sparkle" */,
			);
			productRefGroup = 45BA2BCF29D361C1002DC0B9 /* Products */;
			projectDirPath = "";
			projectRoot = "";
			targets = (
				45BA2BCD29D361C1002DC0B9 /* Bolt */,
			);
		};
/* End PBXProject section */

/* Begin PBXResourcesBuildPhase section */
		45BA2BCC29D361C1002DC0B9 /* Resources */ = {
			isa = PBXResourcesBuildPhase;
			buildActionMask = 2147483647;
			files = (
				45BA2BD929D361C2002DC0B9 /* Preview Assets.xcassets in Resources */,
				45BA2BD629D361C2002DC0B9 /* Assets.xcassets in Resources */,
			);
			runOnlyForDeploymentPostprocessing = 0;
		};
/* End PBXResourcesBuildPhase section */

/* Begin PBXSourcesBuildPhase section */
		45BA2BCA29D361C1002DC0B9 /* Sources */ = {
			isa = PBXSourcesBuildPhase;
			buildActionMask = 2147483647;
			files = (
				453B268829FC2F0E00E2E1E7 /* MenuView.swift in Sources */,
				45DAB5A129FD9EFA001A458C /* Bundle+Extension.swift in Sources */,
				453B268029FC24B200E2E1E7 /* View+Extension.swift in Sources */,
				453B267D29FB660300E2E1E7 /* BoltViewModel.swift in Sources */,
				45BA2BD229D361C1002DC0B9 /* BoltApp.swift in Sources */,
				45DAB5A929FDA15C001A458C /* CheckForUpdates.swift in Sources */,
				453B267E29FB660600E2E1E7 /* SMC.swift in Sources */,
				45DAB5A729FDA105001A458C /* AppUpdaterViewModel.swift in Sources */,
				45166EAE29FC6CC100402485 /* CCGlassModifier.swift in Sources */,
				45DAB5AD29FDB492001A458C /* BatteryInfo.swift in Sources */,
				45DAB5AF29FDB5E7001A458C /* test.swift in Sources */,
			);
			runOnlyForDeploymentPostprocessing = 0;
		};
/* End PBXSourcesBuildPhase section */

/* Begin XCBuildConfiguration section */
		45BA2BDB29D361C2002DC0B9 /* Debug */ = {
			isa = XCBuildConfiguration;
			buildSettings = {
				ALWAYS_SEARCH_USER_PATHS = NO;
				CLANG_ANALYZER_NONNULL = YES;
				CLANG_ANALYZER_NUMBER_OBJECT_CONVERSION = YES_AGGRESSIVE;
				CLANG_CXX_LANGUAGE_STANDARD = "gnu++20";
				CLANG_ENABLE_MODULES = YES;
				CLANG_ENABLE_OBJC_ARC = YES;
				CLANG_ENABLE_OBJC_WEAK = YES;
				CLANG_WARN_BLOCK_CAPTURE_AUTORELEASING = YES;
				CLANG_WARN_BOOL_CONVERSION = YES;
				CLANG_WARN_COMMA = YES;
				CLANG_WARN_CONSTANT_CONVERSION = YES;
				CLANG_WARN_DEPRECATED_OBJC_IMPLEMENTATIONS = YES;
				CLANG_WARN_DIRECT_OBJC_ISA_USAGE = YES_ERROR;
				CLANG_WARN_DOCUMENTATION_COMMENTS = YES;
				CLANG_WARN_EMPTY_BODY = YES;
				CLANG_WARN_ENUM_CONVERSION = YES;
				CLANG_WARN_INFINITE_RECURSION = YES;
				CLANG_WARN_INT_CONVERSION = YES;
				CLANG_WARN_NON_LITERAL_NULL_CONVERSION = YES;
				CLANG_WARN_OBJC_IMPLICIT_RETAIN_SELF = YES;
				CLANG_WARN_OBJC_LITERAL_CONVERSION = YES;
				CLANG_WARN_OBJC_ROOT_CLASS = YES_ERROR;
				CLANG_WARN_QUOTED_INCLUDE_IN_FRAMEWORK_HEADER = YES;
				CLANG_WARN_RANGE_LOOP_ANALYSIS = YES;
				CLANG_WARN_STRICT_PROTOTYPES = YES;
				CLANG_WARN_SUSPICIOUS_MOVE = YES;
				CLANG_WARN_UNGUARDED_AVAILABILITY = YES_AGGRESSIVE;
				CLANG_WARN_UNREACHABLE_CODE = YES;
				CLANG_WARN__DUPLICATE_METHOD_MATCH = YES;
				COPY_PHASE_STRIP = NO;
				DEBUG_INFORMATION_FORMAT = dwarf;
				ENABLE_STRICT_OBJC_MSGSEND = YES;
				ENABLE_TESTABILITY = YES;
				GCC_C_LANGUAGE_STANDARD = gnu11;
				GCC_DYNAMIC_NO_PIC = NO;
				GCC_NO_COMMON_BLOCKS = YES;
				GCC_OPTIMIZATION_LEVEL = 0;
				GCC_PREPROCESSOR_DEFINITIONS = (
					"DEBUG=1",
					"$(inherited)",
				);
				GCC_WARN_64_TO_32_BIT_CONVERSION = YES;
				GCC_WARN_ABOUT_RETURN_TYPE = YES_ERROR;
				GCC_WARN_UNDECLARED_SELECTOR = YES;
				GCC_WARN_UNINITIALIZED_AUTOS = YES_AGGRESSIVE;
				GCC_WARN_UNUSED_FUNCTION = YES;
				GCC_WARN_UNUSED_VARIABLE = YES;
				MACOSX_DEPLOYMENT_TARGET = 13.0;
				MTL_ENABLE_DEBUG_INFO = INCLUDE_SOURCE;
				MTL_FAST_MATH = YES;
				ONLY_ACTIVE_ARCH = YES;
				SDKROOT = macosx;
				SWIFT_ACTIVE_COMPILATION_CONDITIONS = DEBUG;
				SWIFT_OPTIMIZATION_LEVEL = "-Onone";
			};
			name = Debug;
		};
		45BA2BDC29D361C2002DC0B9 /* Release */ = {
			isa = XCBuildConfiguration;
			buildSettings = {
				ALWAYS_SEARCH_USER_PATHS = NO;
				CLANG_ANALYZER_NONNULL = YES;
				CLANG_ANALYZER_NUMBER_OBJECT_CONVERSION = YES_AGGRESSIVE;
				CLANG_CXX_LANGUAGE_STANDARD = "gnu++20";
				CLANG_ENABLE_MODULES = YES;
				CLANG_ENABLE_OBJC_ARC = YES;
				CLANG_ENABLE_OBJC_WEAK = YES;
				CLANG_WARN_BLOCK_CAPTURE_AUTORELEASING = YES;
				CLANG_WARN_BOOL_CONVERSION = YES;
				CLANG_WARN_COMMA = YES;
				CLANG_WARN_CONSTANT_CONVERSION = YES;
				CLANG_WARN_DEPRECATED_OBJC_IMPLEMENTATIONS = YES;
				CLANG_WARN_DIRECT_OBJC_ISA_USAGE = YES_ERROR;
				CLANG_WARN_DOCUMENTATION_COMMENTS = YES;
				CLANG_WARN_EMPTY_BODY = YES;
				CLANG_WARN_ENUM_CONVERSION = YES;
				CLANG_WARN_INFINITE_RECURSION = YES;
				CLANG_WARN_INT_CONVERSION = YES;
				CLANG_WARN_NON_LITERAL_NULL_CONVERSION = YES;
				CLANG_WARN_OBJC_IMPLICIT_RETAIN_SELF = YES;
				CLANG_WARN_OBJC_LITERAL_CONVERSION = YES;
				CLANG_WARN_OBJC_ROOT_CLASS = YES_ERROR;
				CLANG_WARN_QUOTED_INCLUDE_IN_FRAMEWORK_HEADER = YES;
				CLANG_WARN_RANGE_LOOP_ANALYSIS = YES;
				CLANG_WARN_STRICT_PROTOTYPES = YES;
				CLANG_WARN_SUSPICIOUS_MOVE = YES;
				CLANG_WARN_UNGUARDED_AVAILABILITY = YES_AGGRESSIVE;
				CLANG_WARN_UNREACHABLE_CODE = YES;
				CLANG_WARN__DUPLICATE_METHOD_MATCH = YES;
				COPY_PHASE_STRIP = NO;
				DEBUG_INFORMATION_FORMAT = "dwarf-with-dsym";
				ENABLE_NS_ASSERTIONS = NO;
				ENABLE_STRICT_OBJC_MSGSEND = YES;
				GCC_C_LANGUAGE_STANDARD = gnu11;
				GCC_NO_COMMON_BLOCKS = YES;
				GCC_WARN_64_TO_32_BIT_CONVERSION = YES;
				GCC_WARN_ABOUT_RETURN_TYPE = YES_ERROR;
				GCC_WARN_UNDECLARED_SELECTOR = YES;
				GCC_WARN_UNINITIALIZED_AUTOS = YES_AGGRESSIVE;
				GCC_WARN_UNUSED_FUNCTION = YES;
				GCC_WARN_UNUSED_VARIABLE = YES;
				MACOSX_DEPLOYMENT_TARGET = 13.0;
				MTL_ENABLE_DEBUG_INFO = NO;
				MTL_FAST_MATH = YES;
				SDKROOT = macosx;
				SWIFT_COMPILATION_MODE = wholemodule;
				SWIFT_OPTIMIZATION_LEVEL = "-O";
			};
			name = Release;
		};
		45BA2BDE29D361C2002DC0B9 /* Debug */ = {
			isa = XCBuildConfiguration;
			buildSettings = {
				ASSETCATALOG_COMPILER_APPICON_NAME = AppIcon;
				ASSETCATALOG_COMPILER_GLOBAL_ACCENT_COLOR_NAME = AccentColor;
				CODE_SIGN_ENTITLEMENTS = Bolt/Bolt.entitlements;
				CODE_SIGN_STYLE = Automatic;
				COMBINE_HIDPI_IMAGES = YES;
				CURRENT_PROJECT_VERSION = 2;
				DEVELOPMENT_ASSET_PATHS = "\"Bolt/Preview Content\"";
				DEVELOPMENT_TEAM = 4538W4A79B;
				ENABLE_HARDENED_RUNTIME = NO;
				ENABLE_PREVIEWS = YES;
				GENERATE_INFOPLIST_FILE = YES;
				INFOPLIST_FILE = Bolt/Info.plist;
				INFOPLIST_KEY_NSHumanReadableCopyright = "© Aayush Pokharel 2023";
				LD_RUNPATH_SEARCH_PATHS = (
					"$(inherited)",
					"@executable_path/../Frameworks",
				);
				MACOSX_DEPLOYMENT_TARGET = 13.0;
				MARKETING_VERSION = 0.01;
				PRODUCT_BUNDLE_IDENTIFIER = com.aayush.opensource.Bolt;
				PRODUCT_NAME = "$(TARGET_NAME)";
				SWIFT_EMIT_LOC_STRINGS = YES;
				SWIFT_VERSION = 5.0;
			};
			name = Debug;
		};
		45BA2BDF29D361C2002DC0B9 /* Release */ = {
			isa = XCBuildConfiguration;
			buildSettings = {
				ASSETCATALOG_COMPILER_APPICON_NAME = AppIcon;
				ASSETCATALOG_COMPILER_GLOBAL_ACCENT_COLOR_NAME = AccentColor;
				CODE_SIGN_ENTITLEMENTS = Bolt/Bolt.entitlements;
				CODE_SIGN_STYLE = Automatic;
				COMBINE_HIDPI_IMAGES = YES;
				CURRENT_PROJECT_VERSION = 2;
				DEVELOPMENT_ASSET_PATHS = "\"Bolt/Preview Content\"";
				DEVELOPMENT_TEAM = 4538W4A79B;
				ENABLE_HARDENED_RUNTIME = NO;
				ENABLE_PREVIEWS = YES;
				GENERATE_INFOPLIST_FILE = YES;
				INFOPLIST_FILE = Bolt/Info.plist;
				INFOPLIST_KEY_NSHumanReadableCopyright = "© Aayush Pokharel 2023";
				LD_RUNPATH_SEARCH_PATHS = (
					"$(inherited)",
					"@executable_path/../Frameworks",
				);
				MACOSX_DEPLOYMENT_TARGET = 13.0;
				MARKETING_VERSION = 0.01;
				PRODUCT_BUNDLE_IDENTIFIER = com.aayush.opensource.Bolt;
				PRODUCT_NAME = "$(TARGET_NAME)";
				SWIFT_EMIT_LOC_STRINGS = YES;
				SWIFT_VERSION = 5.0;
			};
			name = Release;
		};
/* End XCBuildConfiguration section */

/* Begin XCConfigurationList section */
		45BA2BC929D361C1002DC0B9 /* Build configuration list for PBXProject "Bolt" */ = {
			isa = XCConfigurationList;
			buildConfigurations = (
				45BA2BDB29D361C2002DC0B9 /* Debug */,
				45BA2BDC29D361C2002DC0B9 /* Release */,
			);
			defaultConfigurationIsVisible = 0;
			defaultConfigurationName = Release;
		};
		45BA2BDD29D361C2002DC0B9 /* Build configuration list for PBXNativeTarget "Bolt" */ = {
			isa = XCConfigurationList;
			buildConfigurations = (
				45BA2BDE29D361C2002DC0B9 /* Debug */,
				45BA2BDF29D361C2002DC0B9 /* Release */,
			);
			defaultConfigurationIsVisible = 0;
			defaultConfigurationName = Release;
		};
/* End XCConfigurationList section */

/* Begin XCRemoteSwiftPackageReference section */
		45DAB5A329FD9F66001A458C /* XCRemoteSwiftPackageReference "Sparkle" */ = {
			isa = XCRemoteSwiftPackageReference;
			repositoryURL = "https://github.com/sparkle-project/Sparkle";
			requirement = {
				kind = upToNextMajorVersion;
				minimumVersion = 2.0.0;
			};
		};
/* End XCRemoteSwiftPackageReference section */

/* Begin XCSwiftPackageProductDependency section */
		4564D52429FC6F6500EFA12E /* MacControlCenterUI */ = {
			isa = XCSwiftPackageProductDependency;
			productName = MacControlCenterUI;
		};
		45DAB5A429FD9F66001A458C /* Sparkle */ = {
			isa = XCSwiftPackageProductDependency;
			package = 45DAB5A329FD9F66001A458C /* XCRemoteSwiftPackageReference "Sparkle" */;
			productName = Sparkle;
		};
/* End XCSwiftPackageProductDependency section */
	};
	rootObject = 45BA2BC629D361C1002DC0B9 /* Project object */;
}
