{
  "object": {
    "pins": [
      {
        "package": "MenuBarExtraAccess",
        "repositoryURL": "https://github.com/orchetect/MenuBarExtraAccess",
        "state": {
          "branch": null,
          "revision": "707dff6f55217b3ef5b6be84ced3e83511d4df5c",
          "version": "1.2.2"
        }
      }
    ]
  },
  "version": 1
}
